PODS:
  - bluetooth_enable_fork (0.1.4):
    - Flutter
  - Flutter (1.0.0)

DEPENDENCIES:
  - bluetooth_enable_fork (from `.symlinks/plugins/bluetooth_enable_fork/ios`)
  - Flutter (from `Flutter`)

EXTERNAL SOURCES:
  bluetooth_enable_fork:
    :path: ".symlinks/plugins/bluetooth_enable_fork/ios"
  Flutter:
    :path: Flutter

SPEC CHECKSUMS:
  bluetooth_enable_fork: 73b8ca6e67230a9baa04010cd5c1e824e00d2797
  Flutter: 50d75fe2f02b26cc09d224853bb45737f8b3214a

PODFILE CHECKSUM: 7368163408c647b7eb699d0d788ba6718e18fb8d

COCOAPODS: 1.11.2
